// !$*UTF8*$!
{
	archiveVersion = 1;
	classes = {
	};
	objectVersion = 46;
	objects = {

/* Begin PBXAggregateTarget section */
		01106D0F18494F10004DC5E2 /* Files */ = {
			isa = PBXAggregateTarget;
			buildConfigurationList = 01106D1018494F10004DC5E2 /* Build configuration list for PBXAggregateTarget "Files" */;
			buildPhases = (
				01106D1318494F37004DC5E2 /* ShellScript */,
			);
			dependencies = (
			);
			name = Files;
			productName = Files;
		};
/* End PBXAggregateTarget section */

/* Begin PBXBuildFile section */
		010BBFAE1853927F0068874E /* Localizable.strings in Resources */ = {isa = PBXBuildFile; fileRef = 010BBFB01853927F0068874E /* Localizable.strings */; };
		010BBFB418539D790068874E /* PDEView.xib in Resources */ = {isa = PBXBuildFile; fileRef = 010BBFB618539D790068874E /* PDEView.xib */; };
		01106D2D18495AF6004DC5E2 /* rastertoimw in CopyFiles */ = {isa = PBXBuildFile; fileRef = 01106D2C18495AF6004DC5E2 /* rastertoimw */; settings = {ATTRIBUTES = (CodeSignOnCopy, ); }; };
		011DFF79184D195B00212711 /* commandtoimw in CopyFiles */ = {isa = PBXBuildFile; fileRef = 011DFF78184D195B00212711 /* commandtoimw */; settings = {ATTRIBUTES = (CodeSignOnCopy, ); }; };
		01276692186A18DE0041091E /* PDEPresets.plist in Resources */ = {isa = PBXBuildFile; fileRef = 01276691186A18DE0041091E /* PDEPresets.plist */; };
		014F764F1850F24F0069A909 /* libcups.dylib in Frameworks */ = {isa = PBXBuildFile; fileRef = 014F764E1850F24F0069A909 /* libcups.dylib */; };
		014F76521850F3450069A909 /* ApplicationServices.framework in Frameworks */ = {isa = PBXBuildFile; fileRef = 014F76501850F2790069A909 /* ApplicationServices.framework */; };
		014F7657185118350069A909 /* Localizable.strings in Resources */ = {isa = PBXBuildFile; fileRef = 014F7655185118350069A909 /* Localizable.strings */; };
		016E70FC1850891800D129D7 /* Cocoa.framework in Frameworks */ = {isa = PBXBuildFile; fileRef = 016E70FB1850891800D129D7 /* Cocoa.framework */; };
		016E71061850891800D129D7 /* InfoPlist.strings in Resources */ = {isa = PBXBuildFile; fileRef = 016E71041850891800D129D7 /* InfoPlist.strings */; };
		016E710F1850A58700D129D7 /* AppleImagewriterIIPDE.m in Sources */ = {isa = PBXBuildFile; fileRef = 016E710E1850A58700D129D7 /* AppleImagewriterIIPDE.m */; };
		01E70A0B184BADD200B913FF /* PrinterIcon.iconset in Resources */ = {isa = PBXBuildFile; fileRef = 01E70A0A184BADD200B913FF /* PrinterIcon.iconset */; };
/* End PBXBuildFile section */

/* Begin PBXContainerItemProxy section */
		01106D29184951B8004DC5E2 /* PBXContainerItemProxy */ = {
			isa = PBXContainerItemProxy;
			containerPortal = 01106D0018494C1B004DC5E2 /* Project object */;
			proxyType = 1;
			remoteGlobalIDString = 01106D0F18494F10004DC5E2;
			remoteInfo = Files;
		};
		014F76591851305A0069A909 /* PBXContainerItemProxy */ = {
			isa = PBXContainerItemProxy;
			containerPortal = 01106D0018494C1B004DC5E2 /* Project object */;
			proxyType = 1;
			remoteGlobalIDString = 016E70F81850891700D129D7;
			remoteInfo = ImageWriterIIPDE;
		};
/* End PBXContainerItemProxy section */

/* Begin PBXCopyFilesBuildPhase section */
		01106D2B18495AEA004DC5E2 /* CopyFiles */ = {
			isa = PBXCopyFilesBuildPhase;
			buildActionMask = 2147483647;
			dstPath = "";
			dstSubfolderSpec = 6;
			files = (
				01106D2D18495AF6004DC5E2 /* rastertoimw in CopyFiles */,
				011DFF79184D195B00212711 /* commandtoimw in CopyFiles */,
			);
			runOnlyForDeploymentPostprocessing = 0;
		};
/* End PBXCopyFilesBuildPhase section */

/* Begin PBXFileReference section */
		010BBFAF1853927F0068874E /* en */ = {isa = PBXFileReference; lastKnownFileType = text.plist.strings; name = en; path = en.lproj/Localizable.strings; sourceTree = "<group>"; };
		010BBFB118539BCD0068874E /* it */ = {isa = PBXFileReference; lastKnownFileType = text.plist.strings; name = it; path = it.lproj/Localizable.strings; sourceTree = "<group>"; };
		010BBFB218539BCD0068874E /* it */ = {isa = PBXFileReference; lastKnownFileType = text.plist.strings; name = it; path = it.lproj/Localizable.strings; sourceTree = "<group>"; };
		010BBFB318539BCD0068874E /* it */ = {isa = PBXFileReference; lastKnownFileType = text.plist.strings; name = it; path = it.lproj/InfoPlist.strings; sourceTree = "<group>"; };
		010BBFB518539D790068874E /* en */ = {isa = PBXFileReference; lastKnownFileType = file.xib; name = en; path = en.lproj/PDEView.xib; sourceTree = "<group>"; };
		010BBFB718539D7D0068874E /* it */ = {isa = PBXFileReference; lastKnownFileType = file.xib; name = it; path = it.lproj/PDEView.xib; sourceTree = "<group>"; };
		01106D0718494C39004DC5E2 /* Apple ImageWriter II.drv */ = {isa = PBXFileReference; lastKnownFileType = text; path = "Apple ImageWriter II.drv"; sourceTree = "<group>"; };
		01106D18184950A1004DC5E2 /* ImageWriterII.bundle */ = {isa = PBXFileReference; explicitFileType = wrapper.cfbundle; includeInIndex = 0; path = ImageWriterII.bundle; sourceTree = BUILT_PRODUCTS_DIR; };
		01106D1F184950A1004DC5E2 /* imagewriterii-Info.plist */ = {isa = PBXFileReference; lastKnownFileType = text.plist.xml; path = "imagewriterii-Info.plist"; sourceTree = "<group>"; };
		01106D2C18495AF6004DC5E2 /* rastertoimw */ = {isa = PBXFileReference; explicitFileType = "compiled.mach-o.executable"; path = rastertoimw; sourceTree = BUILT_PRODUCTS_DIR; };
		011DFF78184D195B00212711 /* commandtoimw */ = {isa = PBXFileReference; explicitFileType = "compiled.mach-o.executable"; path = commandtoimw; sourceTree = BUILT_PRODUCTS_DIR; };
		01276691186A18DE0041091E /* PDEPresets.plist */ = {isa = PBXFileReference; fileEncoding = 4; lastKnownFileType = text.plist.xml; path = PDEPresets.plist; sourceTree = "<group>"; };
		014F764E1850F24F0069A909 /* libcups.dylib */ = {isa = PBXFileReference; lastKnownFileType = "compiled.mach-o.dylib"; name = libcups.dylib; path = usr/lib/libcups.dylib; sourceTree = SDKROOT; };
		014F76501850F2790069A909 /* ApplicationServices.framework */ = {isa = PBXFileReference; lastKnownFileType = wrapper.framework; name = ApplicationServices.framework; path = System/Library/Frameworks/ApplicationServices.framework; sourceTree = SDKROOT; };
		014F7656185118350069A909 /* en */ = {isa = PBXFileReference; lastKnownFileType = text.plist.strings; name = en; path = en.lproj/Localizable.strings; sourceTree = "<group>"; };
		016E70F91850891800D129D7 /* ImageWriterIIPDE.bundle */ = {isa = PBXFileReference; explicitFileType = wrapper.cfbundle; includeInIndex = 0; path = ImageWriterIIPDE.bundle; sourceTree = BUILT_PRODUCTS_DIR; };
		016E70FB1850891800D129D7 /* Cocoa.framework */ = {isa = PBXFileReference; lastKnownFileType = wrapper.framework; name = Cocoa.framework; path = System/Library/Frameworks/Cocoa.framework; sourceTree = SDKROOT; };
		016E70FE1850891800D129D7 /* Foundation.framework */ = {isa = PBXFileReference; lastKnownFileType = wrapper.framework; name = Foundation.framework; path = System/Library/Frameworks/Foundation.framework; sourceTree = SDKROOT; };
		016E70FF1850891800D129D7 /* CoreData.framework */ = {isa = PBXFileReference; lastKnownFileType = wrapper.framework; name = CoreData.framework; path = System/Library/Frameworks/CoreData.framework; sourceTree = SDKROOT; };
		016E71001850891800D129D7 /* AppKit.framework */ = {isa = PBXFileReference; lastKnownFileType = wrapper.framework; name = AppKit.framework; path = System/Library/Frameworks/AppKit.framework; sourceTree = SDKROOT; };
		016E71031850891800D129D7 /* ImageWriterIIPDE-Info.plist */ = {isa = PBXFileReference; lastKnownFileType = text.plist.xml; path = "ImageWriterIIPDE-Info.plist"; sourceTree = "<group>"; };
		016E71051850891800D129D7 /* en */ = {isa = PBXFileReference; lastKnownFileType = text.plist.strings; name = en; path = en.lproj/InfoPlist.strings; sourceTree = "<group>"; };
		016E710D1850A58700D129D7 /* AppleImagewriterIIPDE.h */ = {isa = PBXFileReference; fileEncoding = 4; lastKnownFileType = sourcecode.c.h; path = AppleImagewriterIIPDE.h; sourceTree = "<group>"; };
		016E710E1850A58700D129D7 /* AppleImagewriterIIPDE.m */ = {isa = PBXFileReference; fileEncoding = 4; lastKnownFileType = sourcecode.c.objc; path = AppleImagewriterIIPDE.m; sourceTree = "<group>"; };
		01E70A0A184BADD200B913FF /* PrinterIcon.iconset */ = {isa = PBXFileReference; lastKnownFileType = folder.iconset; path = PrinterIcon.iconset; sourceTree = "<group>"; };
/* End PBXFileReference section */

/* Begin PBXFrameworksBuildPhase section */
		01106D15184950A1004DC5E2 /* Frameworks */ = {
			isa = PBXFrameworksBuildPhase;
			buildActionMask = 2147483647;
			files = (
			);
			runOnlyForDeploymentPostprocessing = 0;
		};
		016E70F61850891700D129D7 /* Frameworks */ = {
			isa = PBXFrameworksBuildPhase;
			buildActionMask = 2147483647;
			files = (
				014F764F1850F24F0069A909 /* libcups.dylib in Frameworks */,
				014F76521850F3450069A909 /* ApplicationServices.framework in Frameworks */,
				016E70FC1850891800D129D7 /* Cocoa.framework in Frameworks */,
			);
			runOnlyForDeploymentPostprocessing = 0;
		};
/* End PBXFrameworksBuildPhase section */

/* Begin PBXGroup section */
		01106CFF18494C1B004DC5E2 = {
			isa = PBXGroup;
			children = (
				014F765B185130820069A909 /* ImageWriterIIBundle */,
				016E71011850891800D129D7 /* ImageWriterIIPDE */,
				016E70FA1850891800D129D7 /* Frameworks */,
				01106D19184950A1004DC5E2 /* Products */,
			);
			sourceTree = "<group>";
		};
		01106D0618494C20004DC5E2 /* Resources */ = {
			isa = PBXGroup;
			children = (
				01106D1F184950A1004DC5E2 /* imagewriterii-Info.plist */,
				010BBFB01853927F0068874E /* Localizable.strings */,
				01106D0718494C39004DC5E2 /* Apple ImageWriter II.drv */,
				01E70A0A184BADD200B913FF /* PrinterIcon.iconset */,
			);
			name = Resources;
			sourceTree = "<group>";
		};
		01106D19184950A1004DC5E2 /* Products */ = {
			isa = PBXGroup;
			children = (
				01106D18184950A1004DC5E2 /* ImageWriterII.bundle */,
				016E70F91850891800D129D7 /* ImageWriterIIPDE.bundle */,
			);
			name = Products;
			sourceTree = "<group>";
		};
		014F765B185130820069A909 /* ImageWriterIIBundle */ = {
			isa = PBXGroup;
			children = (
				011DFF78184D195B00212711 /* commandtoimw */,
				01106D2C18495AF6004DC5E2 /* rastertoimw */,
				01106D0618494C20004DC5E2 /* Resources */,
			);
			name = ImageWriterIIBundle;
			sourceTree = "<group>";
		};
		016E70FA1850891800D129D7 /* Frameworks */ = {
			isa = PBXGroup;
			children = (
				014F764E1850F24F0069A909 /* libcups.dylib */,
				014F76501850F2790069A909 /* ApplicationServices.framework */,
				016E70FB1850891800D129D7 /* Cocoa.framework */,
				016E70FD1850891800D129D7 /* Other Frameworks */,
			);
			name = Frameworks;
			sourceTree = "<group>";
		};
		016E70FD1850891800D129D7 /* Other Frameworks */ = {
			isa = PBXGroup;
			children = (
				016E70FE1850891800D129D7 /* Foundation.framework */,
				016E70FF1850891800D129D7 /* CoreData.framework */,
				016E71001850891800D129D7 /* AppKit.framework */,
			);
			name = "Other Frameworks";
			sourceTree = "<group>";
		};
		016E71011850891800D129D7 /* ImageWriterIIPDE */ = {
			isa = PBXGroup;
			children = (
				016E71101850A59C00D129D7 /* Classes */,
				016E71021850891800D129D7 /* Resources */,
			);
			path = ImageWriterIIPDE;
			sourceTree = "<group>";
		};
		016E71021850891800D129D7 /* Resources */ = {
			isa = PBXGroup;
			children = (
				016E71031850891800D129D7 /* ImageWriterIIPDE-Info.plist */,
				01276691186A18DE0041091E /* PDEPresets.plist */,
				010BBFB618539D790068874E /* PDEView.xib */,
				014F7655185118350069A909 /* Localizable.strings */,
				016E71041850891800D129D7 /* InfoPlist.strings */,
			);
			name = Resources;
			sourceTree = "<group>";
		};
		016E71101850A59C00D129D7 /* Classes */ = {
			isa = PBXGroup;
			children = (
				016E710E1850A58700D129D7 /* AppleImagewriterIIPDE.m */,
				016E710D1850A58700D129D7 /* AppleImagewriterIIPDE.h */,
			);
			name = Classes;
			sourceTree = "<group>";
		};
/* End PBXGroup section */

/* Begin PBXNativeTarget section */
		01106D17184950A1004DC5E2 /* ImageWriterII */ = {
			isa = PBXNativeTarget;
			buildConfigurationList = 01106D24184950A1004DC5E2 /* Build configuration list for PBXNativeTarget "ImageWriterII" */;
			buildPhases = (
				01BB91E1184AA2E000DD7A13 /* ShellScript */,
				01106D14184950A1004DC5E2 /* Sources */,
				01106D15184950A1004DC5E2 /* Frameworks */,
				01106D16184950A1004DC5E2 /* Resources */,
				01106D2B18495AEA004DC5E2 /* CopyFiles */,
			);
			buildRules = (
			);
			dependencies = (
				014F765A1851305A0069A909 /* PBXTargetDependency */,
				01106D2A184951B8004DC5E2 /* PBXTargetDependency */,
			);
			name = ImageWriterII;
			productName = imagewriterii;
			productReference = 01106D18184950A1004DC5E2 /* ImageWriterII.bundle */;
			productType = "com.apple.product-type.bundle";
		};
		016E70F81850891700D129D7 /* ImageWriterIIPDE */ = {
			isa = PBXNativeTarget;
			buildConfigurationList = 016E710A1850891800D129D7 /* Build configuration list for PBXNativeTarget "ImageWriterIIPDE" */;
			buildPhases = (
				014F765818512FD90069A909 /* ShellScript */,
				016E70F51850891700D129D7 /* Sources */,
				016E70F61850891700D129D7 /* Frameworks */,
				016E70F71850891700D129D7 /* Resources */,
			);
			buildRules = (
			);
			dependencies = (
			);
			name = ImageWriterIIPDE;
			productName = ImageWriterIIPDE;
			productReference = 016E70F91850891800D129D7 /* ImageWriterIIPDE.bundle */;
			productType = "com.apple.product-type.bundle";
		};
/* End PBXNativeTarget section */

/* Begin PBXProject section */
		01106D0018494C1B004DC5E2 /* Project object */ = {
			isa = PBXProject;
			attributes = {
				LastUpgradeCheck = 0710;
			};
			buildConfigurationList = 01106D0318494C1B004DC5E2 /* Build configuration list for PBXProject "DriverBundle" */;
			compatibilityVersion = "Xcode 3.2";
			developmentRegion = English;
			hasScannedForEncodings = 0;
			knownRegions = (
				en,
				it,
			);
			mainGroup = 01106CFF18494C1B004DC5E2;
			productRefGroup = 01106D19184950A1004DC5E2 /* Products */;
			projectDirPath = "";
			projectRoot = "";
			targets = (
				01106D0F18494F10004DC5E2 /* Files */,
				01106D17184950A1004DC5E2 /* ImageWriterII */,
				016E70F81850891700D129D7 /* ImageWriterIIPDE */,
			);
		};
/* End PBXProject section */

/* Begin PBXResourcesBuildPhase section */
		01106D16184950A1004DC5E2 /* Resources */ = {
			isa = PBXResourcesBuildPhase;
			buildActionMask = 2147483647;
			files = (
				010BBFAE1853927F0068874E /* Localizable.strings in Resources */,
				01E70A0B184BADD200B913FF /* PrinterIcon.iconset in Resources */,
			);
			runOnlyForDeploymentPostprocessing = 0;
		};
		016E70F71850891700D129D7 /* Resources */ = {
			isa = PBXResourcesBuildPhase;
			buildActionMask = 2147483647;
			files = (
				010BBFB418539D790068874E /* PDEView.xib in Resources */,
				01276692186A18DE0041091E /* PDEPresets.plist in Resources */,
				016E71061850891800D129D7 /* InfoPlist.strings in Resources */,
				014F7657185118350069A909 /* Localizable.strings in Resources */,
			);
			runOnlyForDeploymentPostprocessing = 0;
		};
/* End PBXResourcesBuildPhase section */

/* Begin PBXShellScriptBuildPhase section */
		01106D1318494F37004DC5E2 /* ShellScript */ = {
			isa = PBXShellScriptBuildPhase;
			buildActionMask = 8;
			files = (
			);
			inputPaths = (
			);
			outputPaths = (
			);
			runOnlyForDeploymentPostprocessing = 1;
			shellPath = /bin/sh;
			shellScript = "# Symlink the filters to /usr/libexec/cups/filter\nmkdir -p \"$DSTROOT/usr/libexec/cups/filter\"\nln -sf \"/Library/Printers/Apple/ImageWriterII.bundle/Contents/MacOS/rastertoimw\" \"$DSTROOT/usr/libexec/cups/filter\"\nln -sf \"/Library/Printers/Apple/ImageWriterII.bundle/Contents/MacOS/commandtoimw\" \"$DSTROOT/usr/libexec/cups/filter\"\n\n# Create the PPD file and place it in the PPDs directory...\nmkdir -p \"$DSTROOT/Library/Printers/PPDs/Contents/Resources\"\nppdc -d \"$DSTROOT/Library/Printers/PPDs/Contents/Resources\" -z \"$SRCROOT/Apple Imagewriter II.drv\"\n";
		};
		014F765818512FD90069A909 /* ShellScript */ = {
			isa = PBXShellScriptBuildPhase;
			buildActionMask = 2147483647;
			files = (
			);
			inputPaths = (
			);
			outputPaths = (
			);
			runOnlyForDeploymentPostprocessing = 0;
			shellPath = /bin/sh;
			shellScript = "read COUNTER < ./version\nCOUNTER=$((COUNTER+1))\nbuildPlist=\"ImageWriterIIPDE//ImageWriterIIPDE-Info.plist\"\nCFBuildNumber=$COUNTER\n/usr/libexec/PlistBuddy -c \"Set :CFBundleVersion $CFBuildNumber\" $buildPlist";
		};
		01BB91E1184AA2E000DD7A13 /* ShellScript */ = {
			isa = PBXShellScriptBuildPhase;
			buildActionMask = 2147483647;
			files = (
			);
			inputPaths = (
			);
			outputPaths = (
			);
			runOnlyForDeploymentPostprocessing = 0;
			shellPath = /bin/sh;
			shellScript = "read COUNTER < ./version\nCOUNTER=$((COUNTER+1))\necho $COUNTER > ./version\ncat bundlever.in | sed \"s/@VERSION/$COUNTER/g\" > bundlever.defs\n\nread LIBRARY_VERSION < ../ImageWriterLibrary/version\nread FILTERS_VERSION < ../CupsFilters/version\n# Auto Increment Version Script\nbuildPlist=\"imagewriterii-Info.plist\"\nCFBuildNumber=$COUNTER'.'$FILTERS_VERSION'.'$LIBRARY_VERSION\n/usr/libexec/PlistBuddy -c \"Set :CFBundleVersion $CFBuildNumber\" $buildPlist";
		};
/* End PBXShellScriptBuildPhase section */

/* Begin PBXSourcesBuildPhase section */
		01106D14184950A1004DC5E2 /* Sources */ = {
			isa = PBXSourcesBuildPhase;
			buildActionMask = 2147483647;
			files = (
			);
			runOnlyForDeploymentPostprocessing = 0;
		};
		016E70F51850891700D129D7 /* Sources */ = {
			isa = PBXSourcesBuildPhase;
			buildActionMask = 2147483647;
			files = (
				016E710F1850A58700D129D7 /* AppleImagewriterIIPDE.m in Sources */,
			);
			runOnlyForDeploymentPostprocessing = 0;
		};
/* End PBXSourcesBuildPhase section */

/* Begin PBXTargetDependency section */
		01106D2A184951B8004DC5E2 /* PBXTargetDependency */ = {
			isa = PBXTargetDependency;
			target = 01106D0F18494F10004DC5E2 /* Files */;
			targetProxy = 01106D29184951B8004DC5E2 /* PBXContainerItemProxy */;
		};
		014F765A1851305A0069A909 /* PBXTargetDependency */ = {
			isa = PBXTargetDependency;
			target = 016E70F81850891700D129D7 /* ImageWriterIIPDE */;
			targetProxy = 014F76591851305A0069A909 /* PBXContainerItemProxy */;
		};
/* End PBXTargetDependency section */

/* Begin PBXVariantGroup section */
		010BBFB01853927F0068874E /* Localizable.strings */ = {
			isa = PBXVariantGroup;
			children = (
				010BBFAF1853927F0068874E /* en */,
				010BBFB118539BCD0068874E /* it */,
			);
			name = Localizable.strings;
			path = ../CupsFilters;
			sourceTree = "<group>";
		};
		010BBFB618539D790068874E /* PDEView.xib */ = {
			isa = PBXVariantGroup;
			children = (
				010BBFB518539D790068874E /* en */,
				010BBFB718539D7D0068874E /* it */,
			);
			name = PDEView.xib;
			sourceTree = "<group>";
		};
		014F7655185118350069A909 /* Localizable.strings */ = {
			isa = PBXVariantGroup;
			children = (
				014F7656185118350069A909 /* en */,
				010BBFB218539BCD0068874E /* it */,
			);
			name = Localizable.strings;
			sourceTree = "<group>";
		};
		016E71041850891800D129D7 /* InfoPlist.strings */ = {
			isa = PBXVariantGroup;
			children = (
				016E71051850891800D129D7 /* en */,
				010BBFB318539BCD0068874E /* it */,
			);
			name = InfoPlist.strings;
			sourceTree = "<group>";
		};
/* End PBXVariantGroup section */

/* Begin XCBuildConfiguration section */
		01106D0418494C1B004DC5E2 /* Debug */ = {
			isa = XCBuildConfiguration;
			buildSettings = {
				COPY_PHASE_STRIP = NO;
				DEBUG_INFORMATION_FORMAT = "dwarf-with-dsym";
				ENABLE_TESTABILITY = YES;
				INSTALL_PATH = /Library/Printers/Apple;
				MACOSX_DEPLOYMENT_TARGET = 10.6;
				ONLY_ACTIVE_ARCH = YES;
				SDKROOT = macosx;
				STRIP_INSTALLED_PRODUCT = NO;
			};
			name = Debug;
		};
		01106D0518494C1B004DC5E2 /* Release */ = {
			isa = XCBuildConfiguration;
			buildSettings = {
				DEBUG_INFORMATION_FORMAT = "dwarf-with-dsym";
				INSTALL_PATH = /Library/Printers/Apple;
				MACOSX_DEPLOYMENT_TARGET = 10.6;
				SDKROOT = macosx;
			};
			name = Release;
		};
		01106D1118494F10004DC5E2 /* Debug */ = {
			isa = XCBuildConfiguration;
			buildSettings = {
				PRODUCT_NAME = "$(TARGET_NAME)";
			};
			name = Debug;
		};
		01106D1218494F10004DC5E2 /* Release */ = {
			isa = XCBuildConfiguration;
			buildSettings = {
				PRODUCT_NAME = "$(TARGET_NAME)";
			};
			name = Release;
		};
		01106D25184950A1004DC5E2 /* Debug */ = {
			isa = XCBuildConfiguration;
			buildSettings = {
				ALWAYS_SEARCH_USER_PATHS = NO;
				CLANG_CXX_LANGUAGE_STANDARD = "gnu++0x";
				CLANG_CXX_LIBRARY = "libc++";
				CLANG_ENABLE_OBJC_ARC = YES;
				CLANG_WARN_BOOL_CONVERSION = YES;
				CLANG_WARN_CONSTANT_CONVERSION = YES;
				CLANG_WARN_DIRECT_OBJC_ISA_USAGE = YES_ERROR;
				CLANG_WARN_EMPTY_BODY = YES;
				CLANG_WARN_ENUM_CONVERSION = YES;
				CLANG_WARN_INT_CONVERSION = YES;
				CLANG_WARN_OBJC_ROOT_CLASS = YES_ERROR;
				CLANG_WARN__DUPLICATE_METHOD_MATCH = YES;
				COMBINE_HIDPI_IMAGES = YES;
				DEPLOYMENT_LOCATION = YES;
				DEPLOYMENT_POSTPROCESSING = YES;
				GCC_C_LANGUAGE_STANDARD = gnu99;
				GCC_DYNAMIC_NO_PIC = NO;
				GCC_ENABLE_OBJC_EXCEPTIONS = YES;
				GCC_OPTIMIZATION_LEVEL = 0;
				GCC_PRECOMPILE_PREFIX_HEADER = YES;
				GCC_PREPROCESSOR_DEFINITIONS = (
					"DEBUG=1",
					"$(inherited)",
				);
				GCC_SYMBOLS_PRIVATE_EXTERN = NO;
				GCC_WARN_64_TO_32_BIT_CONVERSION = YES;
				GCC_WARN_ABOUT_RETURN_TYPE = YES_ERROR;
				GCC_WARN_UNDECLARED_SELECTOR = YES;
				GCC_WARN_UNINITIALIZED_AUTOS = YES;
				GCC_WARN_UNUSED_FUNCTION = YES;
				GCC_WARN_UNUSED_VARIABLE = YES;
				INFOPLIST_FILE = "imagewriterii-Info.plist";
				ONLY_ACTIVE_ARCH = YES;
				PRODUCT_BUNDLE_IDENTIFIER = "com.danielecattaneo.printers.${PRODUCT_NAME:rfc1034identifier}";
				PRODUCT_NAME = "$(TARGET_NAME)";
				SDKROOT = macosx;
				WRAPPER_EXTENSION = bundle;
			};
			name = Debug;
		};
		01106D26184950A1004DC5E2 /* Release */ = {
			isa = XCBuildConfiguration;
			buildSettings = {
				ALWAYS_SEARCH_USER_PATHS = NO;
				CLANG_CXX_LANGUAGE_STANDARD = "gnu++0x";
				CLANG_CXX_LIBRARY = "libc++";
				CLANG_ENABLE_OBJC_ARC = YES;
				CLANG_WARN_BOOL_CONVERSION = YES;
				CLANG_WARN_CONSTANT_CONVERSION = YES;
				CLANG_WARN_DIRECT_OBJC_ISA_USAGE = YES_ERROR;
				CLANG_WARN_EMPTY_BODY = YES;
				CLANG_WARN_ENUM_CONVERSION = YES;
				CLANG_WARN_INT_CONVERSION = YES;
				CLANG_WARN_OBJC_ROOT_CLASS = YES_ERROR;
				CLANG_WARN__DUPLICATE_METHOD_MATCH = YES;
				COMBINE_HIDPI_IMAGES = YES;
				DEPLOYMENT_LOCATION = YES;
				DEPLOYMENT_POSTPROCESSING = YES;
				ENABLE_NS_ASSERTIONS = NO;
				GCC_C_LANGUAGE_STANDARD = gnu99;
				GCC_ENABLE_OBJC_EXCEPTIONS = YES;
				GCC_PRECOMPILE_PREFIX_HEADER = YES;
				GCC_WARN_64_TO_32_BIT_CONVERSION = YES;
				GCC_WARN_ABOUT_RETURN_TYPE = YES_ERROR;
				GCC_WARN_UNDECLARED_SELECTOR = YES;
				GCC_WARN_UNINITIALIZED_AUTOS = YES;
				GCC_WARN_UNUSED_FUNCTION = YES;
				GCC_WARN_UNUSED_VARIABLE = YES;
				INFOPLIST_FILE = "imagewriterii-Info.plist";
				PRODUCT_BUNDLE_IDENTIFIER = "com.danielecattaneo.printers.${PRODUCT_NAME:rfc1034identifier}";
				PRODUCT_NAME = "$(TARGET_NAME)";
				SDKROOT = macosx;
				WRAPPER_EXTENSION = bundle;
			};
			name = Release;
		};
		016E71081850891800D129D7 /* Debug */ = {
			isa = XCBuildConfiguration;
			buildSettings = {
				ALWAYS_SEARCH_USER_PATHS = NO;
				CLANG_CXX_LANGUAGE_STANDARD = "gnu++0x";
				CLANG_CXX_LIBRARY = "libc++";
				CLANG_ENABLE_OBJC_ARC = NO;
				CLANG_WARN_BOOL_CONVERSION = YES;
				CLANG_WARN_CONSTANT_CONVERSION = YES;
				CLANG_WARN_DIRECT_OBJC_ISA_USAGE = YES_ERROR;
				CLANG_WARN_EMPTY_BODY = YES;
				CLANG_WARN_ENUM_CONVERSION = YES;
				CLANG_WARN_INT_CONVERSION = YES;
				CLANG_WARN_OBJC_ROOT_CLASS = YES_ERROR;
				CLANG_WARN__DUPLICATE_METHOD_MATCH = YES;
				COMBINE_HIDPI_IMAGES = YES;
				DEPLOYMENT_LOCATION = YES;
				DEPLOYMENT_POSTPROCESSING = YES;
				FRAMEWORK_SEARCH_PATHS = (
					"$(inherited)",
					"$(SDKROOT)$(SYSTEM_LIBRARY_DIR)/Frameworks/ApplicationServices.framework/Frameworks",
				);
				GCC_C_LANGUAGE_STANDARD = gnu99;
				GCC_DYNAMIC_NO_PIC = NO;
				GCC_ENABLE_OBJC_EXCEPTIONS = YES;
				GCC_OPTIMIZATION_LEVEL = 0;
				GCC_PREPROCESSOR_DEFINITIONS = (
					"DEBUG=1",
					"$(inherited)",
				);
				GCC_SYMBOLS_PRIVATE_EXTERN = NO;
				GCC_WARN_64_TO_32_BIT_CONVERSION = YES;
				GCC_WARN_ABOUT_RETURN_TYPE = YES_ERROR;
				GCC_WARN_UNDECLARED_SELECTOR = YES;
				GCC_WARN_UNINITIALIZED_AUTOS = YES;
				GCC_WARN_UNUSED_FUNCTION = YES;
				GCC_WARN_UNUSED_VARIABLE = YES;
				INFOPLIST_FILE = "ImageWriterIIPDE/ImageWriterIIPDE-Info.plist";
				ONLY_ACTIVE_ARCH = YES;
				PRODUCT_BUNDLE_IDENTIFIER = "com.danielecattaneo.printers.${PRODUCT_NAME:rfc1034identifier}.pde";
				PRODUCT_NAME = "$(TARGET_NAME)";
				SDKROOT = macosx;
				WRAPPER_EXTENSION = bundle;
			};
			name = Debug;
		};
		016E71091850891800D129D7 /* Release */ = {
			isa = XCBuildConfiguration;
			buildSettings = {
				ALWAYS_SEARCH_USER_PATHS = NO;
				CLANG_CXX_LANGUAGE_STANDARD = "gnu++0x";
				CLANG_CXX_LIBRARY = "libc++";
				CLANG_ENABLE_OBJC_ARC = NO;
				CLANG_WARN_BOOL_CONVERSION = YES;
				CLANG_WARN_CONSTANT_CONVERSION = YES;
				CLANG_WARN_DIRECT_OBJC_ISA_USAGE = YES_ERROR;
				CLANG_WARN_EMPTY_BODY = YES;
				CLANG_WARN_ENUM_CONVERSION = YES;
				CLANG_WARN_INT_CONVERSION = YES;
				CLANG_WARN_OBJC_ROOT_CLASS = YES_ERROR;
				CLANG_WARN__DUPLICATE_METHOD_MATCH = YES;
				COMBINE_HIDPI_IMAGES = YES;
				DEPLOYMENT_LOCATION = YES;
				DEPLOYMENT_POSTPROCESSING = YES;
				ENABLE_NS_ASSERTIONS = NO;
				FRAMEWORK_SEARCH_PATHS = (
					"$(inherited)",
					"$(SDKROOT)$(SYSTEM_LIBRARY_DIR)/Frameworks/ApplicationServices.framework/Frameworks",
				);
				GCC_C_LANGUAGE_STANDARD = gnu99;
				GCC_ENABLE_OBJC_EXCEPTIONS = YES;
				GCC_WARN_64_TO_32_BIT_CONVERSION = YES;
				GCC_WARN_ABOUT_RETURN_TYPE = YES_ERROR;
				GCC_WARN_UNDECLARED_SELECTOR = YES;
				GCC_WARN_UNINITIALIZED_AUTOS = YES;
				GCC_WARN_UNUSED_FUNCTION = YES;
				GCC_WARN_UNUSED_VARIABLE = YES;
				INFOPLIST_FILE = "ImageWriterIIPDE/ImageWriterIIPDE-Info.plist";
				PRODUCT_BUNDLE_IDENTIFIER = "com.danielecattaneo.printers.${PRODUCT_NAME:rfc1034identifier}.pde";
				PRODUCT_NAME = "$(TARGET_NAME)";
				SDKROOT = macosx;
				WRAPPER_EXTENSION = bundle;
			};
			name = Release;
		};
/* End XCBuildConfiguration section */

/* Begin XCConfigurationList section */
		01106D0318494C1B004DC5E2 /* Build configuration list for PBXProject "DriverBundle" */ = {
			isa = XCConfigurationList;
			buildConfigurations = (
				01106D0418494C1B004DC5E2 /* Debug */,
				01106D0518494C1B004DC5E2 /* Release */,
			);
			defaultConfigurationIsVisible = 0;
			defaultConfigurationName = Release;
		};
		01106D1018494F10004DC5E2 /* Build configuration list for PBXAggregateTarget "Files" */ = {
			isa = XCConfigurationList;
			buildConfigurations = (
				01106D1118494F10004DC5E2 /* Debug */,
				01106D1218494F10004DC5E2 /* Release */,
			);
			defaultConfigurationIsVisible = 0;
			defaultConfigurationName = Release;
		};
		01106D24184950A1004DC5E2 /* Build configuration list for PBXNativeTarget "ImageWriterII" */ = {
			isa = XCConfigurationList;
			buildConfigurations = (
				01106D25184950A1004DC5E2 /* Debug */,
				01106D26184950A1004DC5E2 /* Release */,
			);
			defaultConfigurationIsVisible = 0;
			defaultConfigurationName = Release;
		};
		016E710A1850891800D129D7 /* Build configuration list for PBXNativeTarget "ImageWriterIIPDE" */ = {
			isa = XCConfigurationList;
			buildConfigurations = (
				016E71081850891800D129D7 /* Debug */,
				016E71091850891800D129D7 /* Release */,
			);
			defaultConfigurationIsVisible = 0;
			defaultConfigurationName = Release;
		};
/* End XCConfigurationList section */
	};
	rootObject = 01106D0018494C1B004DC5E2 /* Project object */;
}
